
Microsoft Visual Studio Solution File, Format Version 12.00
# Visual Studio 2012
VisualStudioVersion = 12.0.31101.0
MinimumVisualStudioVersion = 10.0.40219.1
Project("{FAE04EC0-301F-11D3-BF4B-00C04F79EFBC}") = "Challonger", "Challonger\Challonger.csproj", "{00AFB229-A697-4F2C-8056-1F71CC65DF6E}"
EndProject
Global
	GlobalSection(SolutionConfigurationPlatforms) = preSolution
		Debug|Any CPU = Debug|Any CPU
		Release|Any CPU = Release|Any CPU
	EndGlobalSection
	GlobalSection(ProjectConfigurationPlatforms) = postSolution
		{00AFB229-A697-4F2C-8056-1F71CC65DF6E}.Debug|Any CPU.ActiveCfg = Debug|Any CPU
		{00AFB229-A697-4F2C-8056-1F71CC65DF6E}.Debug|Any CPU.Build.0 = Debug|Any CPU
		{00AFB229-A697-4F2C-8056-1F71CC65DF6E}.Debug|Any CPU.Deploy.0 = Debug|Any CPU
		{00AFB229-A697-4F2C-8056-1F71CC65DF6E}.Release|Any CPU.ActiveCfg = Release|Any CPU
		{00AFB229-A697-4F2C-8056-1F71CC65DF6E}.Release|Any CPU.Build.0 = Release|Any CPU
	EndGlobalSection
	GlobalSection(MonoDevelopProperties) = preSolution
		Policies = $0
		$0.NameConventionPolicy = $1
		$1.Rules = $2
		$2.NamingRule = $3
		$3.AffectedEntity = None
		$3.VisibilityMask = VisibilityMask
		$3.NamingStyle = None
		$3.IncludeInstanceMembers = True
		$3.IncludeStaticEntities = True
		$0.DotNetNamingPolicy = $4
		$4.DirectoryNamespaceAssociation = None
		$4.ResourceNamePolicy = FileFormatDefault
		$0.TextStylePolicy = $5
		$5.inheritsSet = VisualStudio
		$5.inheritsScope = text/plain
		$5.scope = text/x-csharp
		$0.CSharpFormattingPolicy = $6
		$6.IndentSwitchBody = True
		$6.IndentBlocksInsideExpressions = True
		$6.AnonymousMethodBraceStyle = NextLine
		$6.PropertyBraceStyle = NextLine
		$6.PropertyGetBraceStyle = NextLine
		$6.PropertySetBraceStyle = NextLine
		$6.EventBraceStyle = NextLine
		$6.EventAddBraceStyle = NextLine
		$6.EventRemoveBraceStyle = NextLine
		$6.StatementBraceStyle = NextLine
		$6.ElseNewLinePlacement = NewLine
		$6.CatchNewLinePlacement = NewLine
		$6.FinallyNewLinePlacement = NewLine
		$6.WhileNewLinePlacement = DoNotCare
		$6.ArrayInitializerWrapping = DoNotChange
		$6.ArrayInitializerBraceStyle = NextLine
		$6.BeforeMethodDeclarationParentheses = False
		$6.BeforeMethodCallParentheses = False
		$6.BeforeConstructorDeclarationParentheses = False
		$6.NewLineBeforeConstructorInitializerColon = NewLine
		$6.NewLineAfterConstructorInitializerColon = SameLine
		$6.BeforeDelegateDeclarationParentheses = False
		$6.NewParentheses = False
		$6.SpacesBeforeBrackets = False
		$6.inheritsSet = Mono
		$6.inheritsScope = text/x-csharp
		$6.scope = text/x-csharp
		description = Unofficail Challonge App for Android. Utilising the Challonge API available at http://api.challonge.com/v1/
		version = 0.6
	EndGlobalSection
	GlobalSection(SolutionProperties) = preSolution
		HideSolutionNode = FALSE
	EndGlobalSection
EndGlobal
